// !$*UTF8*$!
{
	archiveVersion = 1;
	classes = {
	};
	objectVersion = 50;
	objects = {

/* Begin PBXBuildFile section */
		C8554E0625B2763B00E4CDF2 /* AppDelegate.swift in Sources */ = {isa = PBXBuildFile; fileRef = C8554E0525B2763B00E4CDF2 /* AppDelegate.swift */; };
		C8554E0825B2763B00E4CDF2 /* SceneDelegate.swift in Sources */ = {isa = PBXBuildFile; fileRef = C8554E0725B2763B00E4CDF2 /* SceneDelegate.swift */; };
		C8554E0A25B2763B00E4CDF2 /* MainViewController.swift in Sources */ = {isa = PBXBuildFile; fileRef = C8554E0925B2763B00E4CDF2 /* MainViewController.swift */; };
		C8554E0D25B2763B00E4CDF2 /* Main.storyboard in Resources */ = {isa = PBXBuildFile; fileRef = C8554E0B25B2763B00E4CDF2 /* Main.storyboard */; };
		C8554E0F25B2763B00E4CDF2 /* Assets.xcassets in Resources */ = {isa = PBXBuildFile; fileRef = C8554E0E25B2763B00E4CDF2 /* Assets.xcassets */; };
		C8554E1225B2763B00E4CDF2 /* LaunchScreen.storyboard in Resources */ = {isa = PBXBuildFile; fileRef = C8554E1025B2763B00E4CDF2 /* LaunchScreen.storyboard */; };
		C8554E1F25B279B200E4CDF2 /* LinkedViewController.swift in Sources */ = {isa = PBXBuildFile; fileRef = C8554E1E25B279B200E4CDF2 /* LinkedViewController.swift */; };
		C8554E2325B27AC600E4CDF2 /* UIKit+Extensions.swift in Sources */ = {isa = PBXBuildFile; fileRef = C8554E2225B27AC600E4CDF2 /* UIKit+Extensions.swift */; };
/* End PBXBuildFile section */

/* Begin PBXFileReference section */
		C8554E0225B2763B00E4CDF2 /* ExampleApp.app */ = {isa = PBXFileReference; explicitFileType = wrapper.application; includeInIndex = 0; path = ExampleApp.app; sourceTree = BUILT_PRODUCTS_DIR; };
		C8554E0525B2763B00E4CDF2 /* AppDelegate.swift */ = {isa = PBXFileReference; lastKnownFileType = sourcecode.swift; path = AppDelegate.swift; sourceTree = "<group>"; };
		C8554E0725B2763B00E4CDF2 /* SceneDelegate.swift */ = {isa = PBXFileReference; lastKnownFileType = sourcecode.swift; path = SceneDelegate.swift; sourceTree = "<group>"; };
		C8554E0925B2763B00E4CDF2 /* MainViewController.swift */ = {isa = PBXFileReference; lastKnownFileType = sourcecode.swift; path = MainViewController.swift; sourceTree = "<group>"; };
		C8554E0C25B2763B00E4CDF2 /* Base */ = {isa = PBXFileReference; lastKnownFileType = file.storyboard; name = Base; path = Base.lproj/Main.storyboard; sourceTree = "<group>"; };
		C8554E0E25B2763B00E4CDF2 /* Assets.xcassets */ = {isa = PBXFileReference; lastKnownFileType = folder.assetcatalog; path = Assets.xcassets; sourceTree = "<group>"; };
		C8554E1125B2763B00E4CDF2 /* Base */ = {isa = PBXFileReference; lastKnownFileType = file.storyboard; name = Base; path = Base.lproj/LaunchScreen.storyboard; sourceTree = "<group>"; };
		C8554E1325B2763B00E4CDF2 /* Info.plist */ = {isa = PBXFileReference; lastKnownFileType = text.plist.xml; path = Info.plist; sourceTree = "<group>"; };
		C8554E1E25B279B200E4CDF2 /* LinkedViewController.swift */ = {isa = PBXFileReference; lastKnownFileType = sourcecode.swift; path = LinkedViewController.swift; sourceTree = "<group>"; };
		C8554E2225B27AC600E4CDF2 /* UIKit+Extensions.swift */ = {isa = PBXFileReference; lastKnownFileType = sourcecode.swift; path = "UIKit+Extensions.swift"; sourceTree = "<group>"; };
/* End PBXFileReference section */

/* Begin PBXFrameworksBuildPhase section */
		C8554DFF25B2763B00E4CDF2 /* Frameworks */ = {
			isa = PBXFrameworksBuildPhase;
			buildActionMask = 2147483647;
			files = (
			);
			runOnlyForDeploymentPostprocessing = 0;
		};
/* End PBXFrameworksBuildPhase section */

/* Begin PBXGroup section */
		C8554DF925B2763B00E4CDF2 = {
			isa = PBXGroup;
			children = (
				C8554E0425B2763B00E4CDF2 /* temp */,
				C8554E0325B2763B00E4CDF2 /* Products */,
			);
			sourceTree = "<group>";
		};
		C8554E0325B2763B00E4CDF2 /* Products */ = {
			isa = PBXGroup;
			children = (
				C8554E0225B2763B00E4CDF2 /* ExampleApp.app */,
			);
			name = Products;
			sourceTree = "<group>";
		};
		C8554E0425B2763B00E4CDF2 /* temp */ = {
			isa = PBXGroup;
			children = (
				C8554E1325B2763B00E4CDF2 /* Info.plist */,
				C8554E0525B2763B00E4CDF2 /* AppDelegate.swift */,
				C8554E0725B2763B00E4CDF2 /* SceneDelegate.swift */,
				C8554E1A25B2795D00E4CDF2 /* Assets */,
				C8554E1B25B2796F00E4CDF2 /* User Interface */,
				C8554E2125B27ABB00E4CDF2 /* Helpers */,
			);
			path = temp;
			sourceTree = "<group>";
		};
		C8554E1A25B2795D00E4CDF2 /* Assets */ = {
			isa = PBXGroup;
			children = (
				C8554E0E25B2763B00E4CDF2 /* Assets.xcassets */,
				C8554E1025B2763B00E4CDF2 /* LaunchScreen.storyboard */,
			);
			path = Assets;
			sourceTree = "<group>";
		};
		C8554E1B25B2796F00E4CDF2 /* User Interface */ = {
			isa = PBXGroup;
			children = (
				C8554E0B25B2763B00E4CDF2 /* Main.storyboard */,
				C8554E0925B2763B00E4CDF2 /* MainViewController.swift */,
				C8554E1E25B279B200E4CDF2 /* LinkedViewController.swift */,
			);
			path = "User Interface";
			sourceTree = "<group>";
		};
		C8554E2125B27ABB00E4CDF2 /* Helpers */ = {
			isa = PBXGroup;
			children = (
				C8554E2225B27AC600E4CDF2 /* UIKit+Extensions.swift */,
			);
			path = Helpers;
			sourceTree = "<group>";
		};
/* End PBXGroup section */

/* Begin PBXNativeTarget section */
		C8554E0125B2763B00E4CDF2 /* ExampleApp */ = {
			isa = PBXNativeTarget;
			buildConfigurationList = C8554E1625B2763B00E4CDF2 /* Build configuration list for PBXNativeTarget "ExampleApp" */;
			buildPhases = (
				C8554DFE25B2763B00E4CDF2 /* Sources */,
				C8554DFF25B2763B00E4CDF2 /* Frameworks */,
				C8554E0025B2763B00E4CDF2 /* Resources */,
			);
			buildRules = (
			);
			dependencies = (
			);
			name = ExampleApp;
			productName = temp;
			productReference = C8554E0225B2763B00E4CDF2 /* ExampleApp.app */;
			productType = "com.apple.product-type.application";
		};
/* End PBXNativeTarget section */

/* Begin PBXProject section */
		C8554DFA25B2763B00E4CDF2 /* Project object */ = {
			isa = PBXProject;
			attributes = {
				LastSwiftUpdateCheck = 1220;
				LastUpgradeCheck = 1220;
				TargetAttributes = {
					C8554E0125B2763B00E4CDF2 = {
						CreatedOnToolsVersion = 12.2;
					};
				};
			};
			buildConfigurationList = C8554DFD25B2763B00E4CDF2 /* Build configuration list for PBXProject "ExampleApp" */;
			compatibilityVersion = "Xcode 9.3";
			developmentRegion = en;
			hasScannedForEncodings = 0;
			knownRegions = (
				en,
				Base,
			);
			mainGroup = C8554DF925B2763B00E4CDF2;
			productRefGroup = C8554E0325B2763B00E4CDF2 /* Products */;
			projectDirPath = "";
			projectRoot = "";
			targets = (
				C8554E0125B2763B00E4CDF2 /* ExampleApp */,
			);
		};
/* End PBXProject section */

/* Begin PBXResourcesBuildPhase section */
		C8554E0025B2763B00E4CDF2 /* Resources */ = {
			isa = PBXResourcesBuildPhase;
			buildActionMask = 2147483647;
			files = (
				C8554E1225B2763B00E4CDF2 /* LaunchScreen.storyboard in Resources */,
				C8554E0F25B2763B00E4CDF2 /* Assets.xcassets in Resources */,
				C8554E0D25B2763B00E4CDF2 /* Main.storyboard in Resources */,
			);
			runOnlyForDeploymentPostprocessing = 0;
		};
/* End PBXResourcesBuildPhase section */

/* Begin PBXSourcesBuildPhase section */
		C8554DFE25B2763B00E4CDF2 /* Sources */ = {
			isa = PBXSourcesBuildPhase;
			buildActionMask = 2147483647;
			files = (
				C8554E0A25B2763B00E4CDF2 /* MainViewController.swift in Sources */,
				C8554E0625B2763B00E4CDF2 /* AppDelegate.swift in Sources */,
				C8554E0825B2763B00E4CDF2 /* SceneDelegate.swift in Sources */,
				C8554E2325B27AC600E4CDF2 /* UIKit+Extensions.swift in Sources */,
				C8554E1F25B279B200E4CDF2 /* LinkedViewController.swift in Sources */,
			);
			runOnlyForDeploymentPostprocessing = 0;
		};
/* End PBXSourcesBuildPhase section */

/* Begin PBXVariantGroup section */
		C8554E0B25B2763B00E4CDF2 /* Main.storyboard */ = {
			isa = PBXVariantGroup;
			children = (
				C8554E0C25B2763B00E4CDF2 /* Base */,
			);
			name = Main.storyboard;
			sourceTree = "<group>";
		};
		C8554E1025B2763B00E4CDF2 /* LaunchScreen.storyboard */ = {
			isa = PBXVariantGroup;
			children = (
				C8554E1125B2763B00E4CDF2 /* Base */,
			);
			name = LaunchScreen.storyboard;
			sourceTree = "<group>";
		};
/* End PBXVariantGroup section */

/* Begin XCBuildConfiguration section */
		C8554E1425B2763B00E4CDF2 /* Debug */ = {
			isa = XCBuildConfiguration;
			buildSettings = {
				ALWAYS_SEARCH_USER_PATHS = NO;
				CLANG_ANALYZER_NONNULL = YES;
				CLANG_ANALYZER_NUMBER_OBJECT_CONVERSION = YES_AGGRESSIVE;
				CLANG_CXX_LANGUAGE_STANDARD = "gnu++14";
				CLANG_CXX_LIBRARY = "libc++";
				CLANG_ENABLE_MODULES = YES;
				CLANG_ENABLE_OBJC_ARC = YES;
				CLANG_ENABLE_OBJC_WEAK = YES;
				CLANG_WARN_BLOCK_CAPTURE_AUTORELEASING = YES;
				CLANG_WARN_BOOL_CONVERSION = YES;
				CLANG_WARN_COMMA = YES;
				CLANG_WARN_CONSTANT_CONVERSION = YES;
				CLANG_WARN_DEPRECATED_OBJC_IMPLEMENTATIONS = YES;
				CLANG_WARN_DIRECT_OBJC_ISA_USAGE = YES_ERROR;
				CLANG_WARN_DOCUMENTATION_COMMENTS = YES;
				CLANG_WARN_EMPTY_BODY = YES;
				CLANG_WARN_ENUM_CONVERSION = YES;
				CLANG_WARN_INFINITE_RECURSION = YES;
				CLANG_WARN_INT_CONVERSION = YES;
				CLANG_WARN_NON_LITERAL_NULL_CONVERSION = YES;
				CLANG_WARN_OBJC_IMPLICIT_RETAIN_SELF = YES;
				CLANG_WARN_OBJC_LITERAL_CONVERSION = YES;
				CLANG_WARN_OBJC_ROOT_CLASS = YES_ERROR;
				CLANG_WARN_QUOTED_INCLUDE_IN_FRAMEWORK_HEADER = YES;
				CLANG_WARN_RANGE_LOOP_ANALYSIS = YES;
				CLANG_WARN_STRICT_PROTOTYPES = YES;
				CLANG_WARN_SUSPICIOUS_MOVE = YES;
				CLANG_WARN_UNGUARDED_AVAILABILITY = YES_AGGRESSIVE;
				CLANG_WARN_UNREACHABLE_CODE = YES;
				CLANG_WARN__DUPLICATE_METHOD_MATCH = YES;
				COPY_PHASE_STRIP = NO;
				DEBUG_INFORMATION_FORMAT = dwarf;
				ENABLE_STRICT_OBJC_MSGSEND = YES;
				ENABLE_TESTABILITY = YES;
				GCC_C_LANGUAGE_STANDARD = gnu11;
				GCC_DYNAMIC_NO_PIC = NO;
				GCC_NO_COMMON_BLOCKS = YES;
				GCC_OPTIMIZATION_LEVEL = 0;
				GCC_PREPROCESSOR_DEFINITIONS = (
					"DEBUG=1",
					"$(inherited)",
				);
				GCC_WARN_64_TO_32_BIT_CONVERSION = YES;
				GCC_WARN_ABOUT_RETURN_TYPE = YES_ERROR;
				GCC_WARN_UNDECLARED_SELECTOR = YES;
				GCC_WARN_UNINITIALIZED_AUTOS = YES_AGGRESSIVE;
				GCC_WARN_UNUSED_FUNCTION = YES;
				GCC_WARN_UNUSED_VARIABLE = YES;
				IPHONEOS_DEPLOYMENT_TARGET = 14.2;
				MTL_ENABLE_DEBUG_INFO = INCLUDE_SOURCE;
				MTL_FAST_MATH = YES;
				ONLY_ACTIVE_ARCH = YES;
				SDKROOT = iphoneos;
				SWIFT_ACTIVE_COMPILATION_CONDITIONS = DEBUG;
				SWIFT_OPTIMIZATION_LEVEL = "-Onone";
			};
			name = Debug;
		};
		C8554E1525B2763B00E4CDF2 /* Release */ = {
			isa = XCBuildConfiguration;
			buildSettings = {
				ALWAYS_SEARCH_USER_PATHS = NO;
				CLANG_ANALYZER_NONNULL = YES;
				CLANG_ANALYZER_NUMBER_OBJECT_CONVERSION = YES_AGGRESSIVE;
				CLANG_CXX_LANGUAGE_STANDARD = "gnu++14";
				CLANG_CXX_LIBRARY = "libc++";
				CLANG_ENABLE_MODULES = YES;
				CLANG_ENABLE_OBJC_ARC = YES;
				CLANG_ENABLE_OBJC_WEAK = YES;
				CLANG_WARN_BLOCK_CAPTURE_AUTORELEASING = YES;
				CLANG_WARN_BOOL_CONVERSION = YES;
				CLANG_WARN_COMMA = YES;
				CLANG_WARN_CONSTANT_CONVERSION = YES;
				CLANG_WARN_DEPRECATED_OBJC_IMPLEMENTATIONS = YES;
				CLANG_WARN_DIRECT_OBJC_ISA_USAGE = YES_ERROR;
				CLANG_WARN_DOCUMENTATION_COMMENTS = YES;
				CLANG_WARN_EMPTY_BODY = YES;
				CLANG_WARN_ENUM_CONVERSION = YES;
				CLANG_WARN_INFINITE_RECURSION = YES;
				CLANG_WARN_INT_CONVERSION = YES;
				CLANG_WARN_NON_LITERAL_NULL_CONVERSION = YES;
				CLANG_WARN_OBJC_IMPLICIT_RETAIN_SELF = YES;
				CLANG_WARN_OBJC_LITERAL_CONVERSION = YES;
				CLANG_WARN_OBJC_ROOT_CLASS = YES_ERROR;
				CLANG_WARN_QUOTED_INCLUDE_IN_FRAMEWORK_HEADER = YES;
				CLANG_WARN_RANGE_LOOP_ANALYSIS = YES;
				CLANG_WARN_STRICT_PROTOTYPES = YES;
				CLANG_WARN_SUSPICIOUS_MOVE = YES;
				CLANG_WARN_UNGUARDED_AVAILABILITY = YES_AGGRESSIVE;
				CLANG_WARN_UNREACHABLE_CODE = YES;
				CLANG_WARN__DUPLICATE_METHOD_MATCH = YES;
				COPY_PHASE_STRIP = NO;
				DEBUG_INFORMATION_FORMAT = "dwarf-with-dsym";
				ENABLE_NS_ASSERTIONS = NO;
				ENABLE_STRICT_OBJC_MSGSEND = YES;
				GCC_C_LANGUAGE_STANDARD = gnu11;
				GCC_NO_COMMON_BLOCKS = YES;
				GCC_WARN_64_TO_32_BIT_CONVERSION = YES;
				GCC_WARN_ABOUT_RETURN_TYPE = YES_ERROR;
				GCC_WARN_UNDECLARED_SELECTOR = YES;
				GCC_WARN_UNINITIALIZED_AUTOS = YES_AGGRESSIVE;
				GCC_WARN_UNUSED_FUNCTION = YES;
				GCC_WARN_UNUSED_VARIABLE = YES;
				IPHONEOS_DEPLOYMENT_TARGET = 14.2;
				MTL_ENABLE_DEBUG_INFO = NO;
				MTL_FAST_MATH = YES;
				SDKROOT = iphoneos;
				SWIFT_COMPILATION_MODE = wholemodule;
				SWIFT_OPTIMIZATION_LEVEL = "-O";
				VALIDATE_PRODUCT = YES;
			};
			name = Release;
		};
		C8554E1725B2763B00E4CDF2 /* Debug */ = {
			isa = XCBuildConfiguration;
			buildSettings = {
				ASSETCATALOG_COMPILER_APPICON_NAME = AppIcon;
				ASSETCATALOG_COMPILER_GLOBAL_ACCENT_COLOR_NAME = AccentColor;
				CODE_SIGN_STYLE = Automatic;
				DEVELOPMENT_TEAM = D42D4S8LQX;
				INFOPLIST_FILE = temp/Info.plist;
				LD_RUNPATH_SEARCH_PATHS = (
					"$(inherited)",
					"@executable_path/Frameworks",
				);
				PRODUCT_BUNDLE_IDENTIFIER = dev.gramer.ExampleApp;
				PRODUCT_NAME = "$(TARGET_NAME)";
				SWIFT_VERSION = 5.0;
				TARGETED_DEVICE_FAMILY = "1,2";
			};
			name = Debug;
		};
		C8554E1825B2763B00E4CDF2 /* Release */ = {
			isa = XCBuildConfiguration;
			buildSettings = {
				ASSETCATALOG_COMPILER_APPICON_NAME = AppIcon;
				ASSETCATALOG_COMPILER_GLOBAL_ACCENT_COLOR_NAME = AccentColor;
				CODE_SIGN_STYLE = Automatic;
				DEVELOPMENT_TEAM = D42D4S8LQX;
				INFOPLIST_FILE = temp/Info.plist;
				LD_RUNPATH_SEARCH_PATHS = (
					"$(inherited)",
					"@executable_path/Frameworks",
				);
				PRODUCT_BUNDLE_IDENTIFIER = dev.gramer.ExampleApp;
				PRODUCT_NAME = "$(TARGET_NAME)";
				SWIFT_VERSION = 5.0;
				TARGETED_DEVICE_FAMILY = "1,2";
			};
			name = Release;
		};
/* End XCBuildConfiguration section */

/* Begin XCConfigurationList section */
		C8554DFD25B2763B00E4CDF2 /* Build configuration list for PBXProject "ExampleApp" */ = {
			isa = XCConfigurationList;
			buildConfigurations = (
				C8554E1425B2763B00E4CDF2 /* Debug */,
				C8554E1525B2763B00E4CDF2 /* Release */,
			);
			defaultConfigurationIsVisible = 0;
			defaultConfigurationName = Release;
		};
		C8554E1625B2763B00E4CDF2 /* Build configuration list for PBXNativeTarget "ExampleApp" */ = {
			isa = XCConfigurationList;
			buildConfigurations = (
				C8554E1725B2763B00E4CDF2 /* Debug */,
				C8554E1825B2763B00E4CDF2 /* Release */,
			);
			defaultConfigurationIsVisible = 0;
			defaultConfigurationName = Release;
		};
/* End XCConfigurationList section */
	};
	rootObject = C8554DFA25B2763B00E4CDF2 /* Project object */;
}
